
Microsoft Visual Studio Solution File, Format Version 12.00
# Visual Studio Version 17
VisualStudioVersion = 17.2.32602.215
MinimumVisualStudioVersion = 10.0.40219.1
Project("{9A19103F-16F7-4668-BE54-9A1E7A4F7556}") = "SeaBattle", "SeaBattle\SeaBattle.csproj", "{AE6D729C-E1E0-49D3-9A26-21637FB2463A}"
EndProject
Project("{9A19103F-16F7-4668-BE54-9A1E7A4F7556}") = "SeaBattle.Domain", "SeaBattle.Domain\SeaBattle.Domain.csproj", "{6AA477FF-2AEE-44BC-BFFE-81CDDA8ACEAD}"
EndProject
Project("{FAE04EC0-301F-11D3-BF4B-00C04F79EFBC}") = "SeaBattle.Domain.UnitTests", "SeaBattle.Domain.UnitTests\SeaBattle.Domain.UnitTests.csproj", "{2DE36392-5BE4-45FC-9887-FF832C48775E}"
EndProject
Global
	GlobalSection(SolutionConfigurationPlatforms) = preSolution
		Debug|Any CPU = Debug|Any CPU
		Release|Any CPU = Release|Any CPU
	EndGlobalSection
	GlobalSection(ProjectConfigurationPlatforms) = postSolution
		{AE6D729C-E1E0-49D3-9A26-21637FB2463A}.Debug|Any CPU.ActiveCfg = Debug|Any CPU
		{AE6D729C-E1E0-49D3-9A26-21637FB2463A}.Debug|Any CPU.Build.0 = Debug|Any CPU
		{AE6D729C-E1E0-49D3-9A26-21637FB2463A}.Release|Any CPU.ActiveCfg = Release|Any CPU
		{AE6D729C-E1E0-49D3-9A26-21637FB2463A}.Release|Any CPU.Build.0 = Release|Any CPU
		{6AA477FF-2AEE-44BC-BFFE-81CDDA8ACEAD}.Debug|Any CPU.ActiveCfg = Debug|Any CPU
		{6AA477FF-2AEE-44BC-BFFE-81CDDA8ACEAD}.Debug|Any CPU.Build.0 = Debug|Any CPU
		{6AA477FF-2AEE-44BC-BFFE-81CDDA8ACEAD}.Release|Any CPU.ActiveCfg = Release|Any CPU
		{6AA477FF-2AEE-44BC-BFFE-81CDDA8ACEAD}.Release|Any CPU.Build.0 = Release|Any CPU
		{2DE36392-5BE4-45FC-9887-FF832C48775E}.Debug|Any CPU.ActiveCfg = Debug|Any CPU
		{2DE36392-5BE4-45FC-9887-FF832C48775E}.Debug|Any CPU.Build.0 = Debug|Any CPU
		{2DE36392-5BE4-45FC-9887-FF832C48775E}.Release|Any CPU.ActiveCfg = Release|Any CPU
		{2DE36392-5BE4-45FC-9887-FF832C48775E}.Release|Any CPU.Build.0 = Release|Any CPU
	EndGlobalSection
	GlobalSection(SolutionProperties) = preSolution
		HideSolutionNode = FALSE
	EndGlobalSection
	GlobalSection(ExtensibilityGlobals) = postSolution
		SolutionGuid = {4487443E-852C-41B0-9297-159019F440C6}
	EndGlobalSection
EndGlobal
